# THIS IS AN AUTOGENERATED FILE. DO NOT EDIT THIS FILE DIRECTLY.
# yarn lockfile v1


ansi-regex@^2.0.0:
  version "2.1.1"
  resolved "https://registry.yarnpkg.com/ansi-regex/-/ansi-regex-2.1.1.tgz#c3b33ab5ee360d86e0e628f0468ae7ef27d654df"

ansi-regex@^5.0.0:
  version "5.0.0"
  resolved "https://registry.yarnpkg.com/ansi-regex/-/ansi-regex-5.0.0.tgz#388539f55179bf39339c81af30a654d69f87cb75"
  integrity sha512-bY6fj56OUQ0hU1KjFNDQuJFezqKdrAyFdIevADiqrWHwSlbmBNMHp5ak2f40Pm8JTFyM2mqxkG6ngkHO11f/lg==

ansi-styles@^4.0.0:
  version "4.3.0"
  resolved "https://registry.yarnpkg.com/ansi-styles/-/ansi-styles-4.3.0.tgz#edd803628ae71c04c85ae7a0906edad34b648937"
  integrity sha512-zbB9rCJAT1rbjiVDb2hqKFHNYLxgtk8NURxZ3IZwD3F6NtxbXZQCnnSi1Lkx+IDohdPlFp222wVALIheZJQSEg==
  dependencies:
    color-convert "^2.0.1"

aproba@^1.0.3:
  version "1.2.0"
  resolved "https://registry.yarnpkg.com/aproba/-/aproba-1.2.0.tgz#6802e6264efd18c790a1b0d517f0f2627bf2c94a"

are-we-there-yet@~1.1.2:
  version "1.1.4"
  resolved "https://registry.yarnpkg.com/are-we-there-yet/-/are-we-there-yet-1.1.4.tgz#bb5dca382bb94f05e15194373d16fd3ba1ca110d"
  dependencies:
    delegates "^1.0.0"
    readable-stream "^2.0.6"

balanced-match@^1.0.0:
  version "1.0.0"
  resolved "https://registry.yarnpkg.com/balanced-match/-/balanced-match-1.0.0.tgz#89b4d199ab2bee49de164ea02b89ce462d71b767"

bl@^1.0.0:
  version "1.2.1"
  resolved "https://registry.yarnpkg.com/bl/-/bl-1.2.1.tgz#cac328f7bee45730d404b692203fcb590e172d5e"
  dependencies:
    readable-stream "^2.0.5"

brace-expansion@^1.1.7:
  version "1.1.11"
  resolved "https://registry.yarnpkg.com/brace-expansion/-/brace-expansion-1.1.11.tgz#3c7fcbf529d87226f3d2f52b966ff5271eb441dd"
  dependencies:
    balanced-match "^1.0.0"
    concat-map "0.0.1"

chownr@^1.0.1:
  version "1.0.1"
  resolved "https://registry.yarnpkg.com/chownr/-/chownr-1.0.1.tgz#e2a75042a9551908bebd25b8523d5f9769d79181"

cliui@^7.0.2:
  version "7.0.4"
  resolved "https://registry.yarnpkg.com/cliui/-/cliui-7.0.4.tgz#a0265ee655476fc807aea9df3df8df7783808b4f"
  integrity sha512-OcRE68cOsVMXp1Yvonl/fzkQOyjLSu/8bhPDfQt0e0/Eb283TKP20Fs2MqoPsr9SwA595rRCA+QMzYc9nBP+JQ==
  dependencies:
    string-width "^4.2.0"
    strip-ansi "^6.0.0"
    wrap-ansi "^7.0.0"

code-point-at@^1.0.0:
  version "1.1.0"
  resolved "https://registry.yarnpkg.com/code-point-at/-/code-point-at-1.1.0.tgz#0d070b4d043a5bea33a2f1a40e2edb3d9a4ccf77"

color-convert@^1.9.1:
  version "1.9.1"
  resolved "https://registry.yarnpkg.com/color-convert/-/color-convert-1.9.1.tgz#c1261107aeb2f294ebffec9ed9ecad529a6097ed"
  dependencies:
    color-name "^1.1.1"

color-convert@^2.0.1:
  version "2.0.1"
  resolved "https://registry.yarnpkg.com/color-convert/-/color-convert-2.0.1.tgz#72d3a68d598c9bdb3af2ad1e84f21d896abd4de3"
  integrity sha512-RRECPsj7iu/xb5oKYcsFHSppFNnsj/52OVTRKb4zP5onXwVF3zVmmToNcOfGC+CRDpfK/U584fMg38ZHCaElKQ==
  dependencies:
    color-name "~1.1.4"

color-name@^1.0.0, color-name@^1.1.1:
  version "1.1.3"
  resolved "https://registry.yarnpkg.com/color-name/-/color-name-1.1.3.tgz#a7d0558bd89c42f795dd42328f740831ca53bc25"

color-name@~1.1.4:
  version "1.1.4"
  resolved "https://registry.yarnpkg.com/color-name/-/color-name-1.1.4.tgz#c2a09a87acbde69543de6f63fa3995c826c536a2"
  integrity sha512-dOy+3AuW3a2wNbZHIuMZpTcgjGuLU/uBL/ubcZF9OXbDo8ff4O8yVp5Bf0efS8uEoYo5q4Fx7dY9OgQGXgAsQA==

color-string@^1.5.2:
  version "1.5.2"
  resolved "https://registry.yarnpkg.com/color-string/-/color-string-1.5.2.tgz#26e45814bc3c9a7cbd6751648a41434514a773a9"
  dependencies:
    color-name "^1.0.0"
    simple-swizzle "^0.2.2"

color@^3.0.0:
  version "3.0.0"
  resolved "https://registry.yarnpkg.com/color/-/color-3.0.0.tgz#d920b4328d534a3ac8295d68f7bd4ba6c427be9a"
  dependencies:
    color-convert "^1.9.1"
    color-string "^1.5.2"

concat-map@0.0.1:
  version "0.0.1"
  resolved "https://registry.yarnpkg.com/concat-map/-/concat-map-0.0.1.tgz#d8a96bd77fd68df7793a73036a3ba0d5405d477b"

console-control-strings@^1.0.0, console-control-strings@~1.1.0:
  version "1.1.0"
  resolved "https://registry.yarnpkg.com/console-control-strings/-/console-control-strings-1.1.0.tgz#3d7cf4464db6446ea644bf4b39507f9851008e8e"

core-util-is@~1.0.0:
  version "1.0.2"
  resolved "https://registry.yarnpkg.com/core-util-is/-/core-util-is-1.0.2.tgz#b5fd54220aa2bc5ab57aab7140c940754503c1a7"

decompress-response@^3.3.0:
  version "3.3.0"
  resolved "https://registry.yarnpkg.com/decompress-response/-/decompress-response-3.3.0.tgz#80a4dd323748384bfa248083622aedec982adff3"
  dependencies:
    mimic-response "^1.0.0"

deep-extend@~0.4.0:
  version "0.4.2"
  resolved "https://registry.yarnpkg.com/deep-extend/-/deep-extend-0.4.2.tgz#48b699c27e334bf89f10892be432f6e4c7d34a7f"

delegates@^1.0.0:
  version "1.0.0"
  resolved "https://registry.yarnpkg.com/delegates/-/delegates-1.0.0.tgz#84c6e159b81904fdca59a0ef44cd870d31250f9a"

detect-libc@^1.0.3:
  version "1.0.3"
  resolved "https://registry.yarnpkg.com/detect-libc/-/detect-libc-1.0.3.tgz#fa137c4bd698edf55cd5cd02ac559f91a4c4ba9b"

emoji-regex@^8.0.0:
  version "8.0.0"
  resolved "https://registry.yarnpkg.com/emoji-regex/-/emoji-regex-8.0.0.tgz#e818fd69ce5ccfcb404594f842963bf53164cc37"
  integrity sha512-MSjYzcWNOA0ewAHpz0MxpYFvwg6yjy1NG3xteoqz644VCo/RPgnr1/GGt+ic3iJTzQ8Eu3TdM14SawnVUmGE6A==

end-of-stream@^1.0.0, end-of-stream@^1.1.0:
  version "1.4.1"
  resolved "https://registry.yarnpkg.com/end-of-stream/-/end-of-stream-1.4.1.tgz#ed29634d19baba463b6ce6b80a37213eab71ec43"
  dependencies:
    once "^1.4.0"

escalade@^3.1.1:
  version "3.1.1"
  resolved "https://registry.yarnpkg.com/escalade/-/escalade-3.1.1.tgz#d8cfdc7000965c5a0174b4a82eaa5c0552742e40"
  integrity sha512-k0er2gUkLf8O0zKJiAhmkTnJlTvINGv7ygDNPbeIsX/TJjGJZHuh9B2UxbsaEkmlEo9MfhrSzmhIlhRlI2GXnw==

expand-template@^1.0.2:
  version "1.1.0"
  resolved "https://registry.yarnpkg.com/expand-template/-/expand-template-1.1.0.tgz#e09efba977bf98f9ee0ed25abd0c692e02aec3fc"

fs-copy-file-sync@^1.0.1:
  version "1.0.1"
  resolved "https://registry.yarnpkg.com/fs-copy-file-sync/-/fs-copy-file-sync-1.0.1.tgz#fc93d25af984ab94b8a751c3e1df055d1afea204"

fs-minipass@^1.2.3:
  version "1.2.5"
  resolved "https://registry.yarnpkg.com/fs-minipass/-/fs-minipass-1.2.5.tgz#06c277218454ec288df77ada54a03b8702aacb9d"
  dependencies:
    minipass "^2.2.1"

fs.realpath@^1.0.0:
  version "1.0.0"
  resolved "https://registry.yarnpkg.com/fs.realpath/-/fs.realpath-1.0.0.tgz#1504ad2523158caa40db4a2787cb01411994ea4f"

gauge@~2.7.3:
  version "2.7.4"
  resolved "https://registry.yarnpkg.com/gauge/-/gauge-2.7.4.tgz#2c03405c7538c39d7eb37b317022e325fb018bf7"
  dependencies:
    aproba "^1.0.3"
    console-control-strings "^1.0.0"
    has-unicode "^2.0.0"
    object-assign "^4.1.0"
    signal-exit "^3.0.0"
    string-width "^1.0.1"
    strip-ansi "^3.0.1"
    wide-align "^1.1.0"

get-caller-file@^2.0.5:
  version "2.0.5"
  resolved "https://registry.yarnpkg.com/get-caller-file/-/get-caller-file-2.0.5.tgz#4f94412a82db32f36e3b0b9741f8a97feb031f7e"
  integrity sha512-DyFP3BM/3YHTQOCUL/w0OZHR0lpKeGrxotcHWcqNEdnltqFwXVfhEBQ94eIo34AfQpo0rGki4cyIiftY06h2Fg==

github-from-package@0.0.0:
  version "0.0.0"
  resolved "https://registry.yarnpkg.com/github-from-package/-/github-from-package-0.0.0.tgz#97fb5d96bfde8973313f20e8288ef9a167fa64ce"

glob@^7.0.5:
  version "7.1.2"
  resolved "https://registry.yarnpkg.com/glob/-/glob-7.1.2.tgz#c19c9df9a028702d678612384a6552404c636d15"
  dependencies:
    fs.realpath "^1.0.0"
    inflight "^1.0.4"
    inherits "2"
    minimatch "^3.0.4"
    once "^1.3.0"
    path-is-absolute "^1.0.0"

has-unicode@^2.0.0:
  version "2.0.1"
  resolved "https://registry.yarnpkg.com/has-unicode/-/has-unicode-2.0.1.tgz#e0e6fe6a28cf51138855e086d1691e771de2a8b9"

inflight@^1.0.4:
  version "1.0.6"
  resolved "https://registry.yarnpkg.com/inflight/-/inflight-1.0.6.tgz#49bd6331d7d02d0c09bc910a1075ba8165b56df9"
  dependencies:
    once "^1.3.0"
    wrappy "1"

inherits@2, inherits@~2.0.3:
  version "2.0.3"
  resolved "https://registry.yarnpkg.com/inherits/-/inherits-2.0.3.tgz#633c2c83e3da42a502f52466022480f4208261de"

ini@~1.3.0:
  version "1.3.5"
  resolved "https://registry.yarnpkg.com/ini/-/ini-1.3.5.tgz#eee25f56db1c9ec6085e0c22778083f596abf927"

is-arrayish@^0.3.1:
  version "0.3.1"
  resolved "https://registry.yarnpkg.com/is-arrayish/-/is-arrayish-0.3.1.tgz#c2dfc386abaa0c3e33c48db3fe87059e69065efd"

is-fullwidth-code-point@^1.0.0:
  version "1.0.0"
  resolved "https://registry.yarnpkg.com/is-fullwidth-code-point/-/is-fullwidth-code-point-1.0.0.tgz#ef9e31386f031a7f0d643af82fde50c457ef00cb"
  dependencies:
    number-is-nan "^1.0.0"

is-fullwidth-code-point@^3.0.0:
  version "3.0.0"
  resolved "https://registry.yarnpkg.com/is-fullwidth-code-point/-/is-fullwidth-code-point-3.0.0.tgz#f116f8064fe90b3f7844a38997c0b75051269f1d"
  integrity sha512-zymm5+u+sCsSWyD9qNaejV3DFvhCKclKdizYaJUuHA83RLjb7nSuGnddCHGv0hk+KY7BMAlsWeK4Ueg6EV6XQg==

isarray@~1.0.0:
  version "1.0.0"
  resolved "https://registry.yarnpkg.com/isarray/-/isarray-1.0.0.tgz#bb935d48582cba168c06834957a54a3e07124f11"

mimic-response@^1.0.0:
  version "1.0.0"
  resolved "https://registry.yarnpkg.com/mimic-response/-/mimic-response-1.0.0.tgz#df3d3652a73fded6b9b0b24146e6fd052353458e"

minimatch@^3.0.4:
  version "3.0.4"
  resolved "https://registry.yarnpkg.com/minimatch/-/minimatch-3.0.4.tgz#5166e286457f03306064be5497e8dbb0c3d32083"
  dependencies:
    brace-expansion "^1.1.7"

minimist@0.0.8:
  version "0.0.8"
  resolved "https://registry.yarnpkg.com/minimist/-/minimist-0.0.8.tgz#857fcabfc3397d2625b8228262e86aa7a011b05d"

minimist@^1.2.0:
  version "1.2.0"
  resolved "https://registry.yarnpkg.com/minimist/-/minimist-1.2.0.tgz#a35008b20f41383eec1fb914f4cd5df79a264284"

minipass@^2.2.1:
  version "2.2.1"
  resolved "https://registry.yarnpkg.com/minipass/-/minipass-2.2.1.tgz#5ada97538b1027b4cf7213432428578cb564011f"
  dependencies:
    yallist "^3.0.0"

minizlib@^1.1.0:
  version "1.1.0"
  resolved "https://registry.yarnpkg.com/minizlib/-/minizlib-1.1.0.tgz#11e13658ce46bc3a70a267aac58359d1e0c29ceb"
  dependencies:
    minipass "^2.2.1"

mkdirp@^0.5.0, mkdirp@^0.5.1:
  version "0.5.1"
  resolved "https://registry.yarnpkg.com/mkdirp/-/mkdirp-0.5.1.tgz#30057438eac6cf7f8c4767f38648d6697d75c903"
  dependencies:
    minimist "0.0.8"

nan@^2.9.2:
  version "2.9.2"
  resolved "https://registry.yarnpkg.com/nan/-/nan-2.9.2.tgz#f564d75f5f8f36a6d9456cca7a6c4fe488ab7866"

node-abi@^2.2.0:
  version "2.3.0"
  resolved "https://registry.yarnpkg.com/node-abi/-/node-abi-2.3.0.tgz#f3d554d6ac72a9ee16f0f4dc9548db7c08de4986"
  dependencies:
    semver "^5.4.1"

noop-logger@^0.1.1:
  version "0.1.1"
  resolved "https://registry.yarnpkg.com/noop-logger/-/noop-logger-0.1.1.tgz#94a2b1633c4f1317553007d8966fd0e841b6a4c2"

npmlog@^4.0.1, npmlog@^4.1.2:
  version "4.1.2"
  resolved "https://registry.yarnpkg.com/npmlog/-/npmlog-4.1.2.tgz#08a7f2a8bf734604779a9efa4ad5cc717abb954b"
  dependencies:
    are-we-there-yet "~1.1.2"
    console-control-strings "~1.1.0"
    gauge "~2.7.3"
    set-blocking "~2.0.0"

number-is-nan@^1.0.0:
  version "1.0.1"
  resolved "https://registry.yarnpkg.com/number-is-nan/-/number-is-nan-1.0.1.tgz#097b602b53422a522c1afb8790318336941a011d"

object-assign@^4.1.0:
  version "4.1.1"
  resolved "https://registry.yarnpkg.com/object-assign/-/object-assign-4.1.1.tgz#2109adc7965887cfc05cbbd442cac8bfbb360863"

once@^1.3.0, once@^1.3.1, once@^1.4.0:
  version "1.4.0"
  resolved "https://registry.yarnpkg.com/once/-/once-1.4.0.tgz#583b1aa775961d4b113ac17d9c50baef9dd76bd1"
  dependencies:
    wrappy "1"

os-homedir@^1.0.1:
  version "1.0.2"
  resolved "https://registry.yarnpkg.com/os-homedir/-/os-homedir-1.0.2.tgz#ffbc4988336e0e833de0c168c7ef152121aa7fb3"

path-is-absolute@^1.0.0:
  version "1.0.1"
  resolved "https://registry.yarnpkg.com/path-is-absolute/-/path-is-absolute-1.0.1.tgz#174b9268735534ffbc7ace6bf53a5a9e1b5c5f5f"

prebuild-install@^2.5.1:
  version "2.5.1"
  resolved "https://registry.yarnpkg.com/prebuild-install/-/prebuild-install-2.5.1.tgz#0f234140a73760813657c413cdccdda58296b1da"
  dependencies:
    detect-libc "^1.0.3"
    expand-template "^1.0.2"
    github-from-package "0.0.0"
    minimist "^1.2.0"
    mkdirp "^0.5.1"
    node-abi "^2.2.0"
    noop-logger "^0.1.1"
    npmlog "^4.0.1"
    os-homedir "^1.0.1"
    pump "^2.0.1"
    rc "^1.1.6"
    simple-get "^2.7.0"
    tar-fs "^1.13.0"
    tunnel-agent "^0.6.0"
    which-pm-runs "^1.0.0"

process-nextick-args@~2.0.0:
  version "2.0.0"
  resolved "https://registry.yarnpkg.com/process-nextick-args/-/process-nextick-args-2.0.0.tgz#a37d732f4271b4ab1ad070d35508e8290788ffaa"

pump@^1.0.0:
  version "1.0.3"
  resolved "https://registry.yarnpkg.com/pump/-/pump-1.0.3.tgz#5dfe8311c33bbf6fc18261f9f34702c47c08a954"
  dependencies:
    end-of-stream "^1.1.0"
    once "^1.3.1"

pump@^2.0.1:
  version "2.0.1"
  resolved "https://registry.yarnpkg.com/pump/-/pump-2.0.1.tgz#12399add6e4cf7526d973cbc8b5ce2e2908b3909"
  dependencies:
    end-of-stream "^1.1.0"
    once "^1.3.1"

rc@^1.1.6:
  version "1.2.5"
  resolved "https://registry.yarnpkg.com/rc/-/rc-1.2.5.tgz#275cd687f6e3b36cc756baa26dfee80a790301fd"
  dependencies:
    deep-extend "~0.4.0"
    ini "~1.3.0"
    minimist "^1.2.0"
    strip-json-comments "~2.0.1"

readable-stream@^2.0.0, readable-stream@^2.0.5, readable-stream@^2.0.6:
  version "2.3.5"
  resolved "https://registry.yarnpkg.com/readable-stream/-/readable-stream-2.3.5.tgz#b4f85003a938cbb6ecbce2a124fb1012bd1a838d"
  dependencies:
    core-util-is "~1.0.0"
    inherits "~2.0.3"
    isarray "~1.0.0"
    process-nextick-args "~2.0.0"
    safe-buffer "~5.1.1"
    string_decoder "~1.0.3"
    util-deprecate "~1.0.1"

require-directory@^2.1.1:
  version "2.1.1"
  resolved "https://registry.yarnpkg.com/require-directory/-/require-directory-2.1.1.tgz#8c64ad5fd30dab1c976e2344ffe7f792a6a6df42"

rimraf@^2.6.2:
  version "2.6.2"
  resolved "https://registry.yarnpkg.com/rimraf/-/rimraf-2.6.2.tgz#2ed8150d24a16ea8651e6d6ef0f47c4158ce7a36"
  dependencies:
    glob "^7.0.5"

safe-buffer@^5.0.1, safe-buffer@~5.1.0, safe-buffer@~5.1.1:
  version "5.1.1"
  resolved "https://registry.yarnpkg.com/safe-buffer/-/safe-buffer-5.1.1.tgz#893312af69b2123def71f57889001671eeb2c853"

semver@^5.4.1, semver@^5.5.0:
  version "5.5.0"
  resolved "https://registry.yarnpkg.com/semver/-/semver-5.5.0.tgz#dc4bbc7a6ca9d916dee5d43516f0092b58f7b8ab"

set-blocking@~2.0.0:
  version "2.0.0"
  resolved "https://registry.yarnpkg.com/set-blocking/-/set-blocking-2.0.0.tgz#045f9782d011ae9a6803ddd382b24392b3d890f7"

sharp@^0.20.0:
  version "0.20.0"
  resolved "https://registry.yarnpkg.com/sharp/-/sharp-0.20.0.tgz#2ff9f1ae11f068ce7d7591f531cad52c7821d033"
  dependencies:
    color "^3.0.0"
    detect-libc "^1.0.3"
    fs-copy-file-sync "^1.0.1"
    nan "^2.9.2"
    npmlog "^4.1.2"
    prebuild-install "^2.5.1"
    semver "^5.5.0"
    simple-get "^2.7.0"
    tar "^4.4.0"
    tunnel-agent "^0.6.0"

signal-exit@^3.0.0:
  version "3.0.2"
  resolved "https://registry.yarnpkg.com/signal-exit/-/signal-exit-3.0.2.tgz#b5fdc08f1287ea1178628e415e25132b73646c6d"

simple-concat@^1.0.0:
  version "1.0.0"
  resolved "https://registry.yarnpkg.com/simple-concat/-/simple-concat-1.0.0.tgz#7344cbb8b6e26fb27d66b2fc86f9f6d5997521c6"

simple-get@^2.7.0:
  version "2.7.0"
  resolved "https://registry.yarnpkg.com/simple-get/-/simple-get-2.7.0.tgz#ad37f926d08129237ff08c4f2edfd6f10e0380b5"
  dependencies:
    decompress-response "^3.3.0"
    once "^1.3.1"
    simple-concat "^1.0.0"

simple-swizzle@^0.2.2:
  version "0.2.2"
  resolved "https://registry.yarnpkg.com/simple-swizzle/-/simple-swizzle-0.2.2.tgz#a4da6b635ffcccca33f70d17cb92592de95e557a"
  dependencies:
    is-arrayish "^0.3.1"

string-width@^1.0.1, string-width@^1.0.2:
  version "1.0.2"
  resolved "https://registry.yarnpkg.com/string-width/-/string-width-1.0.2.tgz#118bdf5b8cdc51a2a7e70d211e07e2b0b9b107d3"
  dependencies:
    code-point-at "^1.0.0"
    is-fullwidth-code-point "^1.0.0"
    strip-ansi "^3.0.0"

string-width@^4.1.0, string-width@^4.2.0:
  version "4.2.0"
  resolved "https://registry.yarnpkg.com/string-width/-/string-width-4.2.0.tgz#952182c46cc7b2c313d1596e623992bd163b72b5"
  integrity sha512-zUz5JD+tgqtuDjMhwIg5uFVV3dtqZ9yQJlZVfq4I01/K5Paj5UHj7VyrQOJvzawSVlKpObApbfD0Ed6yJc+1eg==
  dependencies:
    emoji-regex "^8.0.0"
    is-fullwidth-code-point "^3.0.0"
    strip-ansi "^6.0.0"

string_decoder@~1.0.3:
  version "1.0.3"
  resolved "https://registry.yarnpkg.com/string_decoder/-/string_decoder-1.0.3.tgz#0fc67d7c141825de94282dd536bec6b9bce860ab"
  dependencies:
    safe-buffer "~5.1.0"

strip-ansi@^3.0.0, strip-ansi@^3.0.1:
  version "3.0.1"
  resolved "https://registry.yarnpkg.com/strip-ansi/-/strip-ansi-3.0.1.tgz#6a385fb8853d952d5ff05d0e8aaf94278dc63dcf"
  dependencies:
    ansi-regex "^2.0.0"

strip-ansi@^6.0.0:
  version "6.0.0"
  resolved "https://registry.yarnpkg.com/strip-ansi/-/strip-ansi-6.0.0.tgz#0b1571dd7669ccd4f3e06e14ef1eed26225ae532"
  integrity sha512-AuvKTrTfQNYNIctbR1K/YGTR1756GycPsg7b9bdV9Duqur4gv6aKqHXah67Z8ImS7WEz5QVcOtlfW2rZEugt6w==
  dependencies:
    ansi-regex "^5.0.0"

strip-json-comments@~2.0.1:
  version "2.0.1"
  resolved "https://registry.yarnpkg.com/strip-json-comments/-/strip-json-comments-2.0.1.tgz#3c531942e908c2697c0ec344858c286c7ca0a60a"

tar-fs@^1.13.0:
  version "1.16.0"
  resolved "https://registry.yarnpkg.com/tar-fs/-/tar-fs-1.16.0.tgz#e877a25acbcc51d8c790da1c57c9cf439817b896"
  dependencies:
    chownr "^1.0.1"
    mkdirp "^0.5.1"
    pump "^1.0.0"
    tar-stream "^1.1.2"

tar-stream@^1.1.2:
  version "1.5.5"
  resolved "https://registry.yarnpkg.com/tar-stream/-/tar-stream-1.5.5.tgz#5cad84779f45c83b1f2508d96b09d88c7218af55"
  dependencies:
    bl "^1.0.0"
    end-of-stream "^1.0.0"
    readable-stream "^2.0.0"
    xtend "^4.0.0"

tar@^4.4.0:
  version "4.4.0"
  resolved "https://registry.yarnpkg.com/tar/-/tar-4.4.0.tgz#3aaf8c29b6b800a8215f33efb4df1c95ce2ac2f5"
  dependencies:
    chownr "^1.0.1"
    fs-minipass "^1.2.3"
    minipass "^2.2.1"
    minizlib "^1.1.0"
    mkdirp "^0.5.0"
    yallist "^3.0.2"

tunnel-agent@^0.6.0:
  version "0.6.0"
  resolved "https://registry.yarnpkg.com/tunnel-agent/-/tunnel-agent-0.6.0.tgz#27a5dea06b36b04a0a9966774b290868f0fc40fd"
  dependencies:
    safe-buffer "^5.0.1"

util-deprecate@~1.0.1:
  version "1.0.2"
  resolved "https://registry.yarnpkg.com/util-deprecate/-/util-deprecate-1.0.2.tgz#450d4dc9fa70de732762fbd2d4a28981419a0ccf"

which-pm-runs@^1.0.0:
  version "1.0.0"
  resolved "https://registry.yarnpkg.com/which-pm-runs/-/which-pm-runs-1.0.0.tgz#670b3afbc552e0b55df6b7780ca74615f23ad1cb"

wide-align@^1.1.0:
  version "1.1.2"
  resolved "https://registry.yarnpkg.com/wide-align/-/wide-align-1.1.2.tgz#571e0f1b0604636ebc0dfc21b0339bbe31341710"
  dependencies:
    string-width "^1.0.2"

wrap-ansi@^7.0.0:
  version "7.0.0"
  resolved "https://registry.yarnpkg.com/wrap-ansi/-/wrap-ansi-7.0.0.tgz#67e145cff510a6a6984bdf1152911d69d2eb9e43"
  integrity sha512-YVGIj2kamLSTxw6NsZjoBxfSwsn0ycdesmc4p+Q21c5zPuZ1pl+NfxVdxPtdHvmNVOQ6XSYG4AUtyt/Fi7D16Q==
  dependencies:
    ansi-styles "^4.0.0"
    string-width "^4.1.0"
    strip-ansi "^6.0.0"

wrappy@1:
  version "1.0.2"
  resolved "https://registry.yarnpkg.com/wrappy/-/wrappy-1.0.2.tgz#b5243d8f3ec1aa35f1364605bc0d1036e30ab69f"

xtend@^4.0.0:
  version "4.0.1"
  resolved "https://registry.yarnpkg.com/xtend/-/xtend-4.0.1.tgz#a5c6d532be656e23db820efb943a1f04998d63af"

y18n@^5.0.5:
  version "5.0.5"
  resolved "https://registry.yarnpkg.com/y18n/-/y18n-5.0.5.tgz#8769ec08d03b1ea2df2500acef561743bbb9ab18"
  integrity sha512-hsRUr4FFrvhhRH12wOdfs38Gy7k2FFzB9qgN9v3aLykRq0dRcdcpz5C9FxdS2NuhOrI/628b/KSTJ3rwHysYSg==

yallist@^3.0.0, yallist@^3.0.2:
  version "3.0.2"
  resolved "https://registry.yarnpkg.com/yallist/-/yallist-3.0.2.tgz#8452b4bb7e83c7c188d8041c1a837c773d6d8bb9"

yargs-parser@^20.2.2:
  version "20.2.4"
  resolved "https://registry.yarnpkg.com/yargs-parser/-/yargs-parser-20.2.4.tgz#b42890f14566796f85ae8e3a25290d205f154a54"
  integrity sha512-WOkpgNhPTlE73h4VFAFsOnomJVaovO8VqLDzy5saChRBFQFBoMYirowyW+Q9HB4HFF4Z7VZTiG3iSzJJA29yRA==

yargs@^16.0.0:
  version "16.1.1"
  resolved "https://registry.yarnpkg.com/yargs/-/yargs-16.1.1.tgz#5a4a095bd1ca806b0a50d0c03611d38034d219a1"
  integrity sha512-hAD1RcFP/wfgfxgMVswPE+z3tlPFtxG8/yWUrG2i17sTWGCGqWnxKcLTF4cUKDUK8fzokwsmO9H0TDkRbMHy8w==
  dependencies:
    cliui "^7.0.2"
    escalade "^3.1.1"
    get-caller-file "^2.0.5"
    require-directory "^2.1.1"
    string-width "^4.2.0"
    y18n "^5.0.5"
    yargs-parser "^20.2.2"
